Microsoft Visual Studio Solution File, Format Version 12.00
# Visual Studio Version 16
VisualStudioVersion = 16.0.30114.105
MinimumVisualStudioVersion = 10.0.40219.1
Project("{8BC9CEB8-8B4A-11D0-8D11-00A0C91BC942}") = "vpr_qslim", "vpr_qslim.vcxproj", "{72F82E4E-4288-4789-BDA1-4355713E2CAE}"
EndProject
Global
	GlobalSection(SolutionConfigurationPlatforms) = preSolution
		Debug|x64 = Debug|x64
		Debug|x86 = Debug|x86
		Release|x64 = Release|x64
		Release|x86 = Release|x86
	EndGlobalSection
	GlobalSection(ProjectConfigurationPlatforms) = postSolution
		{72F82E4E-4288-4789-BDA1-4355713E2CAE}.Debug|x64.ActiveCfg = Debug|x64
		{72F82E4E-4288-4789-BDA1-4355713E2CAE}.Debug|x64.Build.0 = Debug|x64
		{72F82E4E-4288-4789-BDA1-4355713E2CAE}.Debug|x86.ActiveCfg = Debug|Win32
		{72F82E4E-4288-4789-BDA1-4355713E2CAE}.Debug|x86.Build.0 = Debug|Win32
		{72F82E4E-4288-4789-BDA1-4355713E2CAE}.Release|x64.ActiveCfg = Release|x64
		{72F82E4E-4288-4789-BDA1-4355713E2CAE}.Release|x64.Build.0 = Release|x64
		{72F82E4E-4288-4789-BDA1-4355713E2CAE}.Release|x86.ActiveCfg = Release|Win32
		{72F82E4E-4288-4789-BDA1-4355713E2CAE}.Release|x86.Build.0 = Release|Win32
	EndGlobalSection
	GlobalSection(SolutionProperties) = preSolution
		HideSolutionNode = FALSE
	EndGlobalSection
	GlobalSection(ExtensibilityGlobals) = postSolution
		SolutionGuid = {3EF46CFE-1265-40B1-BDA4-45A38D72FE76}
	EndGlobalSection
EndGlobal
